// !$*UTF8*$!
{
	archiveVersion = 1;
	classes = {
	};
	objectVersion = 51;
	objects = {

/* Begin PBXBuildFile section */
		2F7FC43425D05355009D925D /* AppDelegate.swift in Sources */ = {isa = PBXBuildFile; fileRef = 2F7FC43325D05355009D925D /* AppDelegate.swift */; };
		2F7FC43625D05355009D925D /* SceneDelegate.swift in Sources */ = {isa = PBXBuildFile; fileRef = 2F7FC43525D05355009D925D /* SceneDelegate.swift */; };
		2F7FC43B25D05355009D925D /* Main.storyboard in Resources */ = {isa = PBXBuildFile; fileRef = 2F7FC43925D05355009D925D /* Main.storyboard */; };
		2F7FC43D25D05359009D925D /* Assets.xcassets in Resources */ = {isa = PBXBuildFile; fileRef = 2F7FC43C25D05359009D925D /* Assets.xcassets */; };
		2F7FC44025D05359009D925D /* LaunchScreen.storyboard in Resources */ = {isa = PBXBuildFile; fileRef = 2F7FC43E25D05359009D925D /* LaunchScreen.storyboard */; };
		2F7FC44B25D05359009D925D /* WhoPaidOneDollarTests.swift in Sources */ = {isa = PBXBuildFile; fileRef = 2F7FC44A25D05359009D925D /* WhoPaidOneDollarTests.swift */; };
		2F7FC45625D05359009D925D /* WhoPaidOneDollarUITests.swift in Sources */ = {isa = PBXBuildFile; fileRef = 2F7FC45525D05359009D925D /* WhoPaidOneDollarUITests.swift */; };
		2F7FC46825D053F1009D925D /* Constants.swift in Sources */ = {isa = PBXBuildFile; fileRef = 2F7FC46725D053F1009D925D /* Constants.swift */; };
		2F7FC47A25D05778009D925D /* Person.swift in Sources */ = {isa = PBXBuildFile; fileRef = 2F7FC47925D05778009D925D /* Person.swift */; };
		2F7FC47F25D059B4009D925D /* Message.swift in Sources */ = {isa = PBXBuildFile; fileRef = 2F7FC47E25D059B4009D925D /* Message.swift */; };
		2F7FC48425D16C85009D925D /* LoginViewControllerProtocol.swift in Sources */ = {isa = PBXBuildFile; fileRef = 2F7FC48325D16C85009D925D /* LoginViewControllerProtocol.swift */; };
		2F7FC48925D16E4E009D925D /* LoginViewProtocol.swift in Sources */ = {isa = PBXBuildFile; fileRef = 2F7FC48825D16E4E009D925D /* LoginViewProtocol.swift */; };
		2F7FC48E25D17016009D925D /* LoginViewControllerImplementation.swift in Sources */ = {isa = PBXBuildFile; fileRef = 2F7FC48D25D17016009D925D /* LoginViewControllerImplementation.swift */; };
		2F7FC4A225D176D3009D925D /* RequestSenderImplementation.swift in Sources */ = {isa = PBXBuildFile; fileRef = 2F7FC4A125D176D3009D925D /* RequestSenderImplementation.swift */; };
		2F7FC4B325D186CD009D925D /* LoginViewImplementation.xib in Resources */ = {isa = PBXBuildFile; fileRef = 2F7FC4B225D186CD009D925D /* LoginViewImplementation.xib */; };
		2F7FC4B825D18964009D925D /* LoginViewImplementation.swift in Sources */ = {isa = PBXBuildFile; fileRef = 2F7FC4B725D18964009D925D /* LoginViewImplementation.swift */; };
		2F7FC4BD25D19002009D925D /* PhotoTableViewCell.xib in Resources */ = {isa = PBXBuildFile; fileRef = 2F7FC4BC25D19002009D925D /* PhotoTableViewCell.xib */; };
		2F7FC4C225D1902F009D925D /* PhotoTableViewCell.swift in Sources */ = {isa = PBXBuildFile; fileRef = 2F7FC4C125D1902F009D925D /* PhotoTableViewCell.swift */; };
		2F7FC4C725D1A16D009D925D /* TextFieldsTableViewCell.swift in Sources */ = {isa = PBXBuildFile; fileRef = 2F7FC4C625D1A16D009D925D /* TextFieldsTableViewCell.swift */; };
		2F7FC4CC25D1A19C009D925D /* TextFieldsTableViewCell.xib in Resources */ = {isa = PBXBuildFile; fileRef = 2F7FC4CB25D1A19C009D925D /* TextFieldsTableViewCell.xib */; };
		2F7FC4D425D1A72F009D925D /* ButtonSaveTableViewCell.xib in Resources */ = {isa = PBXBuildFile; fileRef = 2F7FC4D325D1A72F009D925D /* ButtonSaveTableViewCell.xib */; };
		2F7FC4D925D1A761009D925D /* ButtonSaveTableViewCell.swift in Sources */ = {isa = PBXBuildFile; fileRef = 2F7FC4D825D1A761009D925D /* ButtonSaveTableViewCell.swift */; };
		2F7FC4DE25D2C47D009D925D /* Extensions.swift in Sources */ = {isa = PBXBuildFile; fileRef = 2F7FC4DD25D2C47C009D925D /* Extensions.swift */; };
		2FB462F125D6BE1700932D6B /* ConverterPersonJSON.swift in Sources */ = {isa = PBXBuildFile; fileRef = 2FB462F025D6BE1700932D6B /* ConverterPersonJSON.swift */; };
		2FB462F625D6BE6500932D6B /* ConverterPersonJSONProtocol.swift in Sources */ = {isa = PBXBuildFile; fileRef = 2FB462F525D6BE6500932D6B /* ConverterPersonJSONProtocol.swift */; };
		2FB462FB25D6E86200932D6B /* RequestSenderImplementationTests.swift in Sources */ = {isa = PBXBuildFile; fileRef = 2FB462FA25D6E86200932D6B /* RequestSenderImplementationTests.swift */; };
		2FBF3ED825D433B5008C910F /* LoadingView.xib in Resources */ = {isa = PBXBuildFile; fileRef = 2FBF3ED725D433B5008C910F /* LoadingView.xib */; };
		2FBF3EDD25D433DE008C910F /* LoadingView.swift in Sources */ = {isa = PBXBuildFile; fileRef = 2FBF3EDC25D433DE008C910F /* LoadingView.swift */; };
		2FEBDE5F25D5A5A800C9869D /* PeopleViewControllerImplementation.swift in Sources */ = {isa = PBXBuildFile; fileRef = 2FEBDE5E25D5A5A800C9869D /* PeopleViewControllerImplementation.swift */; };
		2FEBDE6525D5A5DF00C9869D /* PeopleViewImplementation.swift in Sources */ = {isa = PBXBuildFile; fileRef = 2FEBDE6425D5A5DF00C9869D /* PeopleViewImplementation.swift */; };
		2FEBDE6D25D5A60700C9869D /* PeopleViewImplementation.xib in Resources */ = {isa = PBXBuildFile; fileRef = 2FEBDE6C25D5A60700C9869D /* PeopleViewImplementation.xib */; };
		2FEBDE7225D5A66700C9869D /* PeopleViewProtocol.swift in Sources */ = {isa = PBXBuildFile; fileRef = 2FEBDE7125D5A66700C9869D /* PeopleViewProtocol.swift */; };
		2FEBDE7A25D5A67C00C9869D /* PeopleViewControllerProtocol.swift in Sources */ = {isa = PBXBuildFile; fileRef = 2FEBDE7925D5A67C00C9869D /* PeopleViewControllerProtocol.swift */; };
		2FEBDE7F25D5AD1500C9869D /* PersonTableViewCell.swift in Sources */ = {isa = PBXBuildFile; fileRef = 2FEBDE7E25D5AD1500C9869D /* PersonTableViewCell.swift */; };
		2FEBDE8425D5AD2900C9869D /* PersonTableViewCell.xib in Resources */ = {isa = PBXBuildFile; fileRef = 2FEBDE8325D5AD2900C9869D /* PersonTableViewCell.xib */; };
		9B2B0C3B55A171FDAFF3D4A4 /* Pods_WhoPaidOneDollarTests.framework in Frameworks */ = {isa = PBXBuildFile; fileRef = A19AB3EC280B30F13F4FCB05 /* Pods_WhoPaidOneDollarTests.framework */; };
		A1BAAE8D82C88BAF4DAF3BBE /* Pods_WhoPaidOneDollar.framework in Frameworks */ = {isa = PBXBuildFile; fileRef = 464D3BE6F456224DC97B4C58 /* Pods_WhoPaidOneDollar.framework */; };
		F4C5810D4ACB0BD3B8DA213F /* Pods_WhoPaidOneDollar_WhoPaidOneDollarUITests.framework in Frameworks */ = {isa = PBXBuildFile; fileRef = 8E696AA33453B67B3155701E /* Pods_WhoPaidOneDollar_WhoPaidOneDollarUITests.framework */; };
/* End PBXBuildFile section */

/* Begin PBXContainerItemProxy section */
		2F7FC44725D05359009D925D /* PBXContainerItemProxy */ = {
			isa = PBXContainerItemProxy;
			containerPortal = 2F7FC42825D05355009D925D /* Project object */;
			proxyType = 1;
			remoteGlobalIDString = 2F7FC42F25D05355009D925D;
			remoteInfo = WhoPaidOneDollar;
		};
		2F7FC45225D05359009D925D /* PBXContainerItemProxy */ = {
			isa = PBXContainerItemProxy;
			containerPortal = 2F7FC42825D05355009D925D /* Project object */;
			proxyType = 1;
			remoteGlobalIDString = 2F7FC42F25D05355009D925D;
			remoteInfo = WhoPaidOneDollar;
		};
/* End PBXContainerItemProxy section */

/* Begin PBXFileReference section */
		2F7FC43025D05355009D925D /* WhoPaidOneDollar.app */ = {isa = PBXFileReference; explicitFileType = wrapper.application; includeInIndex = 0; path = WhoPaidOneDollar.app; sourceTree = BUILT_PRODUCTS_DIR; };
		2F7FC43325D05355009D925D /* AppDelegate.swift */ = {isa = PBXFileReference; lastKnownFileType = sourcecode.swift; path = AppDelegate.swift; sourceTree = "<group>"; };
		2F7FC43525D05355009D925D /* SceneDelegate.swift */ = {isa = PBXFileReference; lastKnownFileType = sourcecode.swift; path = SceneDelegate.swift; sourceTree = "<group>"; };
		2F7FC43A25D05355009D925D /* Base */ = {isa = PBXFileReference; lastKnownFileType = file.storyboard; name = Base; path = Base.lproj/Main.storyboard; sourceTree = "<group>"; };
		2F7FC43C25D05359009D925D /* Assets.xcassets */ = {isa = PBXFileReference; lastKnownFileType = folder.assetcatalog; path = Assets.xcassets; sourceTree = "<group>"; };
		2F7FC43F25D05359009D925D /* Base */ = {isa = PBXFileReference; lastKnownFileType = file.storyboard; name = Base; path = Base.lproj/LaunchScreen.storyboard; sourceTree = "<group>"; };
		2F7FC44125D05359009D925D /* Info.plist */ = {isa = PBXFileReference; lastKnownFileType = text.plist.xml; path = Info.plist; sourceTree = "<group>"; };
		2F7FC44625D05359009D925D /* WhoPaidOneDollarTests.xctest */ = {isa = PBXFileReference; explicitFileType = wrapper.cfbundle; includeInIndex = 0; path = WhoPaidOneDollarTests.xctest; sourceTree = BUILT_PRODUCTS_DIR; };
		2F7FC44A25D05359009D925D /* WhoPaidOneDollarTests.swift */ = {isa = PBXFileReference; lastKnownFileType = sourcecode.swift; path = WhoPaidOneDollarTests.swift; sourceTree = "<group>"; };
		2F7FC44C25D05359009D925D /* Info.plist */ = {isa = PBXFileReference; lastKnownFileType = text.plist.xml; path = Info.plist; sourceTree = "<group>"; };
		2F7FC45125D05359009D925D /* WhoPaidOneDollarUITests.xctest */ = {isa = PBXFileReference; explicitFileType = wrapper.cfbundle; includeInIndex = 0; path = WhoPaidOneDollarUITests.xctest; sourceTree = BUILT_PRODUCTS_DIR; };
		2F7FC45525D05359009D925D /* WhoPaidOneDollarUITests.swift */ = {isa = PBXFileReference; lastKnownFileType = sourcecode.swift; path = WhoPaidOneDollarUITests.swift; sourceTree = "<group>"; };
		2F7FC45725D05359009D925D /* Info.plist */ = {isa = PBXFileReference; lastKnownFileType = text.plist.xml; path = Info.plist; sourceTree = "<group>"; };
		2F7FC46725D053F1009D925D /* Constants.swift */ = {isa = PBXFileReference; lastKnownFileType = sourcecode.swift; path = Constants.swift; sourceTree = "<group>"; };
		2F7FC47925D05778009D925D /* Person.swift */ = {isa = PBXFileReference; lastKnownFileType = sourcecode.swift; path = Person.swift; sourceTree = "<group>"; };
		2F7FC47E25D059B4009D925D /* Message.swift */ = {isa = PBXFileReference; lastKnownFileType = sourcecode.swift; path = Message.swift; sourceTree = "<group>"; };
		2F7FC48325D16C85009D925D /* LoginViewControllerProtocol.swift */ = {isa = PBXFileReference; lastKnownFileType = sourcecode.swift; path = LoginViewControllerProtocol.swift; sourceTree = "<group>"; };
		2F7FC48825D16E4E009D925D /* LoginViewProtocol.swift */ = {isa = PBXFileReference; lastKnownFileType = sourcecode.swift; path = LoginViewProtocol.swift; sourceTree = "<group>"; };
		2F7FC48D25D17016009D925D /* LoginViewControllerImplementation.swift */ = {isa = PBXFileReference; lastKnownFileType = sourcecode.swift; path = LoginViewControllerImplementation.swift; sourceTree = "<group>"; };
		2F7FC4A125D176D3009D925D /* RequestSenderImplementation.swift */ = {isa = PBXFileReference; lastKnownFileType = sourcecode.swift; path = RequestSenderImplementation.swift; sourceTree = "<group>"; };
		2F7FC4B225D186CD009D925D /* LoginViewImplementation.xib */ = {isa = PBXFileReference; lastKnownFileType = file.xib; path = LoginViewImplementation.xib; sourceTree = "<group>"; };
		2F7FC4B725D18964009D925D /* LoginViewImplementation.swift */ = {isa = PBXFileReference; lastKnownFileType = sourcecode.swift; path = LoginViewImplementation.swift; sourceTree = "<group>"; };
		2F7FC4BC25D19002009D925D /* PhotoTableViewCell.xib */ = {isa = PBXFileReference; lastKnownFileType = file.xib; path = PhotoTableViewCell.xib; sourceTree = "<group>"; };
		2F7FC4C125D1902F009D925D /* PhotoTableViewCell.swift */ = {isa = PBXFileReference; lastKnownFileType = sourcecode.swift; path = PhotoTableViewCell.swift; sourceTree = "<group>"; };
		2F7FC4C625D1A16D009D925D /* TextFieldsTableViewCell.swift */ = {isa = PBXFileReference; lastKnownFileType = sourcecode.swift; path = TextFieldsTableViewCell.swift; sourceTree = "<group>"; };
		2F7FC4CB25D1A19C009D925D /* TextFieldsTableViewCell.xib */ = {isa = PBXFileReference; lastKnownFileType = file.xib; path = TextFieldsTableViewCell.xib; sourceTree = "<group>"; };
		2F7FC4D325D1A72F009D925D /* ButtonSaveTableViewCell.xib */ = {isa = PBXFileReference; lastKnownFileType = file.xib; path = ButtonSaveTableViewCell.xib; sourceTree = "<group>"; };
		2F7FC4D825D1A761009D925D /* ButtonSaveTableViewCell.swift */ = {isa = PBXFileReference; lastKnownFileType = sourcecode.swift; path = ButtonSaveTableViewCell.swift; sourceTree = "<group>"; };
		2F7FC4DD25D2C47C009D925D /* Extensions.swift */ = {isa = PBXFileReference; lastKnownFileType = sourcecode.swift; path = Extensions.swift; sourceTree = "<group>"; };
		2FB462F025D6BE1700932D6B /* ConverterPersonJSON.swift */ = {isa = PBXFileReference; lastKnownFileType = sourcecode.swift; path = ConverterPersonJSON.swift; sourceTree = "<group>"; };
		2FB462F525D6BE6500932D6B /* ConverterPersonJSONProtocol.swift */ = {isa = PBXFileReference; lastKnownFileType = sourcecode.swift; path = ConverterPersonJSONProtocol.swift; sourceTree = "<group>"; };
		2FB462FA25D6E86200932D6B /* RequestSenderImplementationTests.swift */ = {isa = PBXFileReference; lastKnownFileType = sourcecode.swift; path = RequestSenderImplementationTests.swift; sourceTree = "<group>"; };
		2FBF3ED725D433B5008C910F /* LoadingView.xib */ = {isa = PBXFileReference; lastKnownFileType = file.xib; path = LoadingView.xib; sourceTree = "<group>"; };
		2FBF3EDC25D433DE008C910F /* LoadingView.swift */ = {isa = PBXFileReference; lastKnownFileType = sourcecode.swift; path = LoadingView.swift; sourceTree = "<group>"; };
		2FEBDE5E25D5A5A800C9869D /* PeopleViewControllerImplementation.swift */ = {isa = PBXFileReference; lastKnownFileType = sourcecode.swift; path = PeopleViewControllerImplementation.swift; sourceTree = "<group>"; };
		2FEBDE6425D5A5DF00C9869D /* PeopleViewImplementation.swift */ = {isa = PBXFileReference; lastKnownFileType = sourcecode.swift; path = PeopleViewImplementation.swift; sourceTree = "<group>"; };
		2FEBDE6C25D5A60700C9869D /* PeopleViewImplementation.xib */ = {isa = PBXFileReference; lastKnownFileType = file.xib; path = PeopleViewImplementation.xib; sourceTree = "<group>"; };
		2FEBDE7125D5A66700C9869D /* PeopleViewProtocol.swift */ = {isa = PBXFileReference; lastKnownFileType = sourcecode.swift; path = PeopleViewProtocol.swift; sourceTree = "<group>"; };
		2FEBDE7925D5A67C00C9869D /* PeopleViewControllerProtocol.swift */ = {isa = PBXFileReference; lastKnownFileType = sourcecode.swift; path = PeopleViewControllerProtocol.swift; sourceTree = "<group>"; };
		2FEBDE7E25D5AD1500C9869D /* PersonTableViewCell.swift */ = {isa = PBXFileReference; lastKnownFileType = sourcecode.swift; path = PersonTableViewCell.swift; sourceTree = "<group>"; };
		2FEBDE8325D5AD2900C9869D /* PersonTableViewCell.xib */ = {isa = PBXFileReference; lastKnownFileType = file.xib; path = PersonTableViewCell.xib; sourceTree = "<group>"; };
		464D3BE6F456224DC97B4C58 /* Pods_WhoPaidOneDollar.framework */ = {isa = PBXFileReference; explicitFileType = wrapper.framework; includeInIndex = 0; path = Pods_WhoPaidOneDollar.framework; sourceTree = BUILT_PRODUCTS_DIR; };
		8567035F148D22ECC950A365 /* Pods-WhoPaidOneDollar.release.xcconfig */ = {isa = PBXFileReference; includeInIndex = 1; lastKnownFileType = text.xcconfig; name = "Pods-WhoPaidOneDollar.release.xcconfig"; path = "Target Support Files/Pods-WhoPaidOneDollar/Pods-WhoPaidOneDollar.release.xcconfig"; sourceTree = "<group>"; };
		87B773409D888D194A89AABB /* Pods-WhoPaidOneDollar.debug.xcconfig */ = {isa = PBXFileReference; includeInIndex = 1; lastKnownFileType = text.xcconfig; name = "Pods-WhoPaidOneDollar.debug.xcconfig"; path = "Target Support Files/Pods-WhoPaidOneDollar/Pods-WhoPaidOneDollar.debug.xcconfig"; sourceTree = "<group>"; };
		8E696AA33453B67B3155701E /* Pods_WhoPaidOneDollar_WhoPaidOneDollarUITests.framework */ = {isa = PBXFileReference; explicitFileType = wrapper.framework; includeInIndex = 0; path = Pods_WhoPaidOneDollar_WhoPaidOneDollarUITests.framework; sourceTree = BUILT_PRODUCTS_DIR; };
		9522C7390C7FF00645204E30 /* Pods-WhoPaidOneDollarTests.release.xcconfig */ = {isa = PBXFileReference; includeInIndex = 1; lastKnownFileType = text.xcconfig; name = "Pods-WhoPaidOneDollarTests.release.xcconfig"; path = "Target Support Files/Pods-WhoPaidOneDollarTests/Pods-WhoPaidOneDollarTests.release.xcconfig"; sourceTree = "<group>"; };
		A19AB3EC280B30F13F4FCB05 /* Pods_WhoPaidOneDollarTests.framework */ = {isa = PBXFileReference; explicitFileType = wrapper.framework; includeInIndex = 0; path = Pods_WhoPaidOneDollarTests.framework; sourceTree = BUILT_PRODUCTS_DIR; };
		ABB29D5714A92056F3CA3F30 /* Pods-WhoPaidOneDollar-WhoPaidOneDollarUITests.release.xcconfig */ = {isa = PBXFileReference; includeInIndex = 1; lastKnownFileType = text.xcconfig; name = "Pods-WhoPaidOneDollar-WhoPaidOneDollarUITests.release.xcconfig"; path = "Target Support Files/Pods-WhoPaidOneDollar-WhoPaidOneDollarUITests/Pods-WhoPaidOneDollar-WhoPaidOneDollarUITests.release.xcconfig"; sourceTree = "<group>"; };
		AF0FBCC3478F00C429E5C2C3 /* Pods-WhoPaidOneDollarTests.debug.xcconfig */ = {isa = PBXFileReference; includeInIndex = 1; lastKnownFileType = text.xcconfig; name = "Pods-WhoPaidOneDollarTests.debug.xcconfig"; path = "Target Support Files/Pods-WhoPaidOneDollarTests/Pods-WhoPaidOneDollarTests.debug.xcconfig"; sourceTree = "<group>"; };
		D4E9560670430204D84DAF22 /* Pods-WhoPaidOneDollar-WhoPaidOneDollarUITests.debug.xcconfig */ = {isa = PBXFileReference; includeInIndex = 1; lastKnownFileType = text.xcconfig; name = "Pods-WhoPaidOneDollar-WhoPaidOneDollarUITests.debug.xcconfig"; path = "Target Support Files/Pods-WhoPaidOneDollar-WhoPaidOneDollarUITests/Pods-WhoPaidOneDollar-WhoPaidOneDollarUITests.debug.xcconfig"; sourceTree = "<group>"; };
/* End PBXFileReference section */

/* Begin PBXFrameworksBuildPhase section */
		2F7FC42D25D05355009D925D /* Frameworks */ = {
			isa = PBXFrameworksBuildPhase;
			buildActionMask = 2147483647;
			files = (
				A1BAAE8D82C88BAF4DAF3BBE /* Pods_WhoPaidOneDollar.framework in Frameworks */,
			);
			runOnlyForDeploymentPostprocessing = 0;
		};
		2F7FC44325D05359009D925D /* Frameworks */ = {
			isa = PBXFrameworksBuildPhase;
			buildActionMask = 2147483647;
			files = (
				9B2B0C3B55A171FDAFF3D4A4 /* Pods_WhoPaidOneDollarTests.framework in Frameworks */,
			);
			runOnlyForDeploymentPostprocessing = 0;
		};
		2F7FC44E25D05359009D925D /* Frameworks */ = {
			isa = PBXFrameworksBuildPhase;
			buildActionMask = 2147483647;
			files = (
				F4C5810D4ACB0BD3B8DA213F /* Pods_WhoPaidOneDollar_WhoPaidOneDollarUITests.framework in Frameworks */,
			);
			runOnlyForDeploymentPostprocessing = 0;
		};
/* End PBXFrameworksBuildPhase section */

/* Begin PBXGroup section */
		2F7FC42725D05355009D925D = {
			isa = PBXGroup;
			children = (
				2F7FC43225D05355009D925D /* WhoPaidOneDollar */,
				2F7FC44925D05359009D925D /* WhoPaidOneDollarTests */,
				2F7FC45425D05359009D925D /* WhoPaidOneDollarUITests */,
				2F7FC43125D05355009D925D /* Products */,
				EB1F896CCFB784814A648585 /* Pods */,
				75D686EBA4AB83AACEAB4E22 /* Frameworks */,
			);
			sourceTree = "<group>";
		};
		2F7FC43125D05355009D925D /* Products */ = {
			isa = PBXGroup;
			children = (
				2F7FC43025D05355009D925D /* WhoPaidOneDollar.app */,
				2F7FC44625D05359009D925D /* WhoPaidOneDollarTests.xctest */,
				2F7FC45125D05359009D925D /* WhoPaidOneDollarUITests.xctest */,
			);
			name = Products;
			sourceTree = "<group>";
		};
		2F7FC43225D05355009D925D /* WhoPaidOneDollar */ = {
			isa = PBXGroup;
			children = (
				2F7FC47425D05635009D925D /* Model */,
				2F7FC46F25D05479009D925D /* Implementations */,
				2F7FC47325D055CE009D925D /* Protocols */,
				2F7FC46625D053D1009D925D /* Util */,
				2F7FC47525D05695009D925D /* App and Scene Delegates */,
				2F7FC43925D05355009D925D /* Main.storyboard */,
				2F7FC43C25D05359009D925D /* Assets.xcassets */,
				2F7FC43E25D05359009D925D /* LaunchScreen.storyboard */,
				2F7FC44125D05359009D925D /* Info.plist */,
			);
			path = WhoPaidOneDollar;
			sourceTree = "<group>";
		};
		2F7FC44925D05359009D925D /* WhoPaidOneDollarTests */ = {
			isa = PBXGroup;
			children = (
				2F7FC44A25D05359009D925D /* WhoPaidOneDollarTests.swift */,
				2F7FC44C25D05359009D925D /* Info.plist */,
				2FB462FA25D6E86200932D6B /* RequestSenderImplementationTests.swift */,
			);
			path = WhoPaidOneDollarTests;
			sourceTree = "<group>";
		};
		2F7FC45425D05359009D925D /* WhoPaidOneDollarUITests */ = {
			isa = PBXGroup;
			children = (
				2F7FC45525D05359009D925D /* WhoPaidOneDollarUITests.swift */,
				2F7FC45725D05359009D925D /* Info.plist */,
			);
			path = WhoPaidOneDollarUITests;
			sourceTree = "<group>";
		};
		2F7FC46625D053D1009D925D /* Util */ = {
			isa = PBXGroup;
			children = (
				2F7FC46725D053F1009D925D /* Constants.swift */,
				2F7FC4DD25D2C47C009D925D /* Extensions.swift */,
			);
			path = Util;
			sourceTree = "<group>";
		};
		2F7FC46F25D05479009D925D /* Implementations */ = {
			isa = PBXGroup;
			children = (
				2F7FC49725D17398009D925D /* Service */,
				2F7FC47225D0559C009D925D /* Controllers */,
				2F7FC47125D054F1009D925D /* Views */,
				2F7FC47025D05489009D925D /* JSON */,
			);
			path = Implementations;
			sourceTree = "<group>";
		};
		2F7FC47025D05489009D925D /* JSON */ = {
			isa = PBXGroup;
			children = (
				2FB462F025D6BE1700932D6B /* ConverterPersonJSON.swift */,
			);
			path = JSON;
			sourceTree = "<group>";
		};
		2F7FC47125D054F1009D925D /* Views */ = {
			isa = PBXGroup;
			children = (
				2FEBDE6325D5A5B600C9869D /* People */,
				2FBF3ED625D43383008C910F /* Misc */,
				2F7FC4B125D1862C009D925D /* Login */,
			);
			path = Views;
			sourceTree = "<group>";
		};
		2F7FC47225D0559C009D925D /* Controllers */ = {
			isa = PBXGroup;
			children = (
				2F7FC48D25D17016009D925D /* LoginViewControllerImplementation.swift */,
				2FEBDE5E25D5A5A800C9869D /* PeopleViewControllerImplementation.swift */,
			);
			path = Controllers;
			sourceTree = "<group>";
		};
		2F7FC47325D055CE009D925D /* Protocols */ = {
			isa = PBXGroup;
			children = (
				2F7FC48325D16C85009D925D /* LoginViewControllerProtocol.swift */,
				2F7FC48825D16E4E009D925D /* LoginViewProtocol.swift */,
				2FEBDE7125D5A66700C9869D /* PeopleViewProtocol.swift */,
				2FEBDE7925D5A67C00C9869D /* PeopleViewControllerProtocol.swift */,
				2FB462F525D6BE6500932D6B /* ConverterPersonJSONProtocol.swift */,
			);
			path = Protocols;
			sourceTree = "<group>";
		};
		2F7FC47425D05635009D925D /* Model */ = {
			isa = PBXGroup;
			children = (
				2F7FC47925D05778009D925D /* Person.swift */,
				2F7FC47E25D059B4009D925D /* Message.swift */,
			);
			path = Model;
			sourceTree = "<group>";
		};
		2F7FC47525D05695009D925D /* App and Scene Delegates */ = {
			isa = PBXGroup;
			children = (
				2F7FC43325D05355009D925D /* AppDelegate.swift */,
				2F7FC43525D05355009D925D /* SceneDelegate.swift */,
			);
			path = "App and Scene Delegates";
			sourceTree = "<group>";
		};
		2F7FC49725D17398009D925D /* Service */ = {
			isa = PBXGroup;
			children = (
				2F7FC4A125D176D3009D925D /* RequestSenderImplementation.swift */,
			);
			path = Service;
			sourceTree = "<group>";
		};
		2F7FC4B125D1862C009D925D /* Login */ = {
			isa = PBXGroup;
			children = (
				2F7FC4B225D186CD009D925D /* LoginViewImplementation.xib */,
				2F7FC4B725D18964009D925D /* LoginViewImplementation.swift */,
				2F7FC4BC25D19002009D925D /* PhotoTableViewCell.xib */,
				2F7FC4C125D1902F009D925D /* PhotoTableViewCell.swift */,
				2F7FC4CB25D1A19C009D925D /* TextFieldsTableViewCell.xib */,
				2F7FC4C625D1A16D009D925D /* TextFieldsTableViewCell.swift */,
				2F7FC4D325D1A72F009D925D /* ButtonSaveTableViewCell.xib */,
				2F7FC4D825D1A761009D925D /* ButtonSaveTableViewCell.swift */,
			);
			path = Login;
			sourceTree = "<group>";
		};
		2FBF3ED625D43383008C910F /* Misc */ = {
			isa = PBXGroup;
			children = (
				2FBF3ED725D433B5008C910F /* LoadingView.xib */,
				2FBF3EDC25D433DE008C910F /* LoadingView.swift */,
			);
			path = Misc;
			sourceTree = "<group>";
		};
		2FEBDE6325D5A5B600C9869D /* People */ = {
			isa = PBXGroup;
			children = (
				2FEBDE6C25D5A60700C9869D /* PeopleViewImplementation.xib */,
				2FEBDE6425D5A5DF00C9869D /* PeopleViewImplementation.swift */,
				2FEBDE8325D5AD2900C9869D /* PersonTableViewCell.xib */,
				2FEBDE7E25D5AD1500C9869D /* PersonTableViewCell.swift */,
			);
			path = People;
			sourceTree = "<group>";
		};
		75D686EBA4AB83AACEAB4E22 /* Frameworks */ = {
			isa = PBXGroup;
			children = (
				464D3BE6F456224DC97B4C58 /* Pods_WhoPaidOneDollar.framework */,
				8E696AA33453B67B3155701E /* Pods_WhoPaidOneDollar_WhoPaidOneDollarUITests.framework */,
				A19AB3EC280B30F13F4FCB05 /* Pods_WhoPaidOneDollarTests.framework */,
			);
			name = Frameworks;
			sourceTree = "<group>";
		};
		EB1F896CCFB784814A648585 /* Pods */ = {
			isa = PBXGroup;
			children = (
				87B773409D888D194A89AABB /* Pods-WhoPaidOneDollar.debug.xcconfig */,
				8567035F148D22ECC950A365 /* Pods-WhoPaidOneDollar.release.xcconfig */,
				D4E9560670430204D84DAF22 /* Pods-WhoPaidOneDollar-WhoPaidOneDollarUITests.debug.xcconfig */,
				ABB29D5714A92056F3CA3F30 /* Pods-WhoPaidOneDollar-WhoPaidOneDollarUITests.release.xcconfig */,
				AF0FBCC3478F00C429E5C2C3 /* Pods-WhoPaidOneDollarTests.debug.xcconfig */,
				9522C7390C7FF00645204E30 /* Pods-WhoPaidOneDollarTests.release.xcconfig */,
			);
			path = Pods;
			sourceTree = "<group>";
		};
/* End PBXGroup section */

/* Begin PBXNativeTarget section */
		2F7FC42F25D05355009D925D /* WhoPaidOneDollar */ = {
			isa = PBXNativeTarget;
			buildConfigurationList = 2F7FC45A25D05359009D925D /* Build configuration list for PBXNativeTarget "WhoPaidOneDollar" */;
			buildPhases = (
				74811C70A0882BD0D39B309E /* [CP] Check Pods Manifest.lock */,
				2F7FC42C25D05355009D925D /* Sources */,
				2F7FC42D25D05355009D925D /* Frameworks */,
				2F7FC42E25D05355009D925D /* Resources */,
				11998C8986540FA2964F7373 /* [CP] Embed Pods Frameworks */,
			);
			buildRules = (
			);
			dependencies = (
			);
			name = WhoPaidOneDollar;
			productName = WhoPaidOneDollar;
			productReference = 2F7FC43025D05355009D925D /* WhoPaidOneDollar.app */;
			productType = "com.apple.product-type.application";
		};
		2F7FC44525D05359009D925D /* WhoPaidOneDollarTests */ = {
			isa = PBXNativeTarget;
			buildConfigurationList = 2F7FC45D25D05359009D925D /* Build configuration list for PBXNativeTarget "WhoPaidOneDollarTests" */;
			buildPhases = (
				8399E116B34163548CF19379 /* [CP] Check Pods Manifest.lock */,
				2F7FC44225D05359009D925D /* Sources */,
				2F7FC44325D05359009D925D /* Frameworks */,
				2F7FC44425D05359009D925D /* Resources */,
			);
			buildRules = (
			);
			dependencies = (
				2F7FC44825D05359009D925D /* PBXTargetDependency */,
			);
			name = WhoPaidOneDollarTests;
			productName = WhoPaidOneDollarTests;
			productReference = 2F7FC44625D05359009D925D /* WhoPaidOneDollarTests.xctest */;
			productType = "com.apple.product-type.bundle.unit-test";
		};
		2F7FC45025D05359009D925D /* WhoPaidOneDollarUITests */ = {
			isa = PBXNativeTarget;
			buildConfigurationList = 2F7FC46025D05359009D925D /* Build configuration list for PBXNativeTarget "WhoPaidOneDollarUITests" */;
			buildPhases = (
				0B7E393784D12E3545597016 /* [CP] Check Pods Manifest.lock */,
				2F7FC44D25D05359009D925D /* Sources */,
				2F7FC44E25D05359009D925D /* Frameworks */,
				2F7FC44F25D05359009D925D /* Resources */,
				00B1E340D0D852A391BF74D2 /* [CP] Embed Pods Frameworks */,
			);
			buildRules = (
			);
			dependencies = (
				2F7FC45325D05359009D925D /* PBXTargetDependency */,
			);
			name = WhoPaidOneDollarUITests;
			productName = WhoPaidOneDollarUITests;
			productReference = 2F7FC45125D05359009D925D /* WhoPaidOneDollarUITests.xctest */;
			productType = "com.apple.product-type.bundle.ui-testing";
		};
/* End PBXNativeTarget section */

/* Begin PBXProject section */
		2F7FC42825D05355009D925D /* Project object */ = {
			isa = PBXProject;
			attributes = {
				LastSwiftUpdateCheck = 1230;
				LastUpgradeCheck = 1230;
				TargetAttributes = {
					2F7FC42F25D05355009D925D = {
						CreatedOnToolsVersion = 12.3;
					};
					2F7FC44525D05359009D925D = {
						CreatedOnToolsVersion = 12.3;
						TestTargetID = 2F7FC42F25D05355009D925D;
					};
					2F7FC45025D05359009D925D = {
						CreatedOnToolsVersion = 12.3;
						TestTargetID = 2F7FC42F25D05355009D925D;
					};
				};
			};
			buildConfigurationList = 2F7FC42B25D05355009D925D /* Build configuration list for PBXProject "WhoPaidOneDollar" */;
			compatibilityVersion = "Xcode 9.3";
			developmentRegion = en;
			hasScannedForEncodings = 0;
			knownRegions = (
				en,
				Base,
			);
			mainGroup = 2F7FC42725D05355009D925D;
			productRefGroup = 2F7FC43125D05355009D925D /* Products */;
			projectDirPath = "";
			projectRoot = "";
			targets = (
				2F7FC42F25D05355009D925D /* WhoPaidOneDollar */,
				2F7FC44525D05359009D925D /* WhoPaidOneDollarTests */,
				2F7FC45025D05359009D925D /* WhoPaidOneDollarUITests */,
			);
		};
/* End PBXProject section */

/* Begin PBXResourcesBuildPhase section */
		2F7FC42E25D05355009D925D /* Resources */ = {
			isa = PBXResourcesBuildPhase;
			buildActionMask = 2147483647;
			files = (
				2FEBDE6D25D5A60700C9869D /* PeopleViewImplementation.xib in Resources */,
				2F7FC4D425D1A72F009D925D /* ButtonSaveTableViewCell.xib in Resources */,
				2FBF3ED825D433B5008C910F /* LoadingView.xib in Resources */,
				2F7FC44025D05359009D925D /* LaunchScreen.storyboard in Resources */,
				2FEBDE8425D5AD2900C9869D /* PersonTableViewCell.xib in Resources */,
				2F7FC4CC25D1A19C009D925D /* TextFieldsTableViewCell.xib in Resources */,
				2F7FC43D25D05359009D925D /* Assets.xcassets in Resources */,
				2F7FC4BD25D19002009D925D /* PhotoTableViewCell.xib in Resources */,
				2F7FC4B325D186CD009D925D /* LoginViewImplementation.xib in Resources */,
				2F7FC43B25D05355009D925D /* Main.storyboard in Resources */,
			);
			runOnlyForDeploymentPostprocessing = 0;
		};
		2F7FC44425D05359009D925D /* Resources */ = {
			isa = PBXResourcesBuildPhase;
			buildActionMask = 2147483647;
			files = (
			);
			runOnlyForDeploymentPostprocessing = 0;
		};
		2F7FC44F25D05359009D925D /* Resources */ = {
			isa = PBXResourcesBuildPhase;
			buildActionMask = 2147483647;
			files = (
			);
			runOnlyForDeploymentPostprocessing = 0;
		};
/* End PBXResourcesBuildPhase section */

/* Begin PBXShellScriptBuildPhase section */
		00B1E340D0D852A391BF74D2 /* [CP] Embed Pods Frameworks */ = {
			isa = PBXShellScriptBuildPhase;
			buildActionMask = 2147483647;
			files = (
			);
			inputFileListPaths = (
				"${PODS_ROOT}/Target Support Files/Pods-WhoPaidOneDollar-WhoPaidOneDollarUITests/Pods-WhoPaidOneDollar-WhoPaidOneDollarUITests-frameworks-${CONFIGURATION}-input-files.xcfilelist",
			);
			name = "[CP] Embed Pods Frameworks";
			outputFileListPaths = (
				"${PODS_ROOT}/Target Support Files/Pods-WhoPaidOneDollar-WhoPaidOneDollarUITests/Pods-WhoPaidOneDollar-WhoPaidOneDollarUITests-frameworks-${CONFIGURATION}-output-files.xcfilelist",
			);
			runOnlyForDeploymentPostprocessing = 0;
			shellPath = /bin/sh;
			shellScript = "\"${PODS_ROOT}/Target Support Files/Pods-WhoPaidOneDollar-WhoPaidOneDollarUITests/Pods-WhoPaidOneDollar-WhoPaidOneDollarUITests-frameworks.sh\"\n";
			showEnvVarsInLog = 0;
		};
		0B7E393784D12E3545597016 /* [CP] Check Pods Manifest.lock */ = {
			isa = PBXShellScriptBuildPhase;
			buildActionMask = 2147483647;
			files = (
			);
			inputFileListPaths = (
			);
			inputPaths = (
				"${PODS_PODFILE_DIR_PATH}/Podfile.lock",
				"${PODS_ROOT}/Manifest.lock",
			);
			name = "[CP] Check Pods Manifest.lock";
			outputFileListPaths = (
			);
			outputPaths = (
				"$(DERIVED_FILE_DIR)/Pods-WhoPaidOneDollar-WhoPaidOneDollarUITests-checkManifestLockResult.txt",
			);
			runOnlyForDeploymentPostprocessing = 0;
			shellPath = /bin/sh;
			shellScript = "diff \"${PODS_PODFILE_DIR_PATH}/Podfile.lock\" \"${PODS_ROOT}/Manifest.lock\" > /dev/null\nif [ $? != 0 ] ; then\n    # print error to STDERR\n    echo \"error: The sandbox is not in sync with the Podfile.lock. Run 'pod install' or update your CocoaPods installation.\" >&2\n    exit 1\nfi\n# This output is used by Xcode 'outputs' to avoid re-running this script phase.\necho \"SUCCESS\" > \"${SCRIPT_OUTPUT_FILE_0}\"\n";
			showEnvVarsInLog = 0;
		};
		11998C8986540FA2964F7373 /* [CP] Embed Pods Frameworks */ = {
			isa = PBXShellScriptBuildPhase;
			buildActionMask = 2147483647;
			files = (
			);
			inputFileListPaths = (
				"${PODS_ROOT}/Target Support Files/Pods-WhoPaidOneDollar/Pods-WhoPaidOneDollar-frameworks-${CONFIGURATION}-input-files.xcfilelist",
			);
			name = "[CP] Embed Pods Frameworks";
			outputFileListPaths = (
				"${PODS_ROOT}/Target Support Files/Pods-WhoPaidOneDollar/Pods-WhoPaidOneDollar-frameworks-${CONFIGURATION}-output-files.xcfilelist",
			);
			runOnlyForDeploymentPostprocessing = 0;
			shellPath = /bin/sh;
			shellScript = "\"${PODS_ROOT}/Target Support Files/Pods-WhoPaidOneDollar/Pods-WhoPaidOneDollar-frameworks.sh\"\n";
			showEnvVarsInLog = 0;
		};
		74811C70A0882BD0D39B309E /* [CP] Check Pods Manifest.lock */ = {
			isa = PBXShellScriptBuildPhase;
			buildActionMask = 2147483647;
			files = (
			);
			inputFileListPaths = (
			);
			inputPaths = (
				"${PODS_PODFILE_DIR_PATH}/Podfile.lock",
				"${PODS_ROOT}/Manifest.lock",
			);
			name = "[CP] Check Pods Manifest.lock";
			outputFileListPaths = (
			);
			outputPaths = (
				"$(DERIVED_FILE_DIR)/Pods-WhoPaidOneDollar-checkManifestLockResult.txt",
			);
			runOnlyForDeploymentPostprocessing = 0;
			shellPath = /bin/sh;
			shellScript = "diff \"${PODS_PODFILE_DIR_PATH}/Podfile.lock\" \"${PODS_ROOT}/Manifest.lock\" > /dev/null\nif [ $? != 0 ] ; then\n    # print error to STDERR\n    echo \"error: The sandbox is not in sync with the Podfile.lock. Run 'pod install' or update your CocoaPods installation.\" >&2\n    exit 1\nfi\n# This output is used by Xcode 'outputs' to avoid re-running this script phase.\necho \"SUCCESS\" > \"${SCRIPT_OUTPUT_FILE_0}\"\n";
			showEnvVarsInLog = 0;
		};
		8399E116B34163548CF19379 /* [CP] Check Pods Manifest.lock */ = {
			isa = PBXShellScriptBuildPhase;
			buildActionMask = 2147483647;
			files = (
			);
			inputFileListPaths = (
			);
			inputPaths = (
				"${PODS_PODFILE_DIR_PATH}/Podfile.lock",
				"${PODS_ROOT}/Manifest.lock",
			);
			name = "[CP] Check Pods Manifest.lock";
			outputFileListPaths = (
			);
			outputPaths = (
				"$(DERIVED_FILE_DIR)/Pods-WhoPaidOneDollarTests-checkManifestLockResult.txt",
			);
			runOnlyForDeploymentPostprocessing = 0;
			shellPath = /bin/sh;
			shellScript = "diff \"${PODS_PODFILE_DIR_PATH}/Podfile.lock\" \"${PODS_ROOT}/Manifest.lock\" > /dev/null\nif [ $? != 0 ] ; then\n    # print error to STDERR\n    echo \"error: The sandbox is not in sync with the Podfile.lock. Run 'pod install' or update your CocoaPods installation.\" >&2\n    exit 1\nfi\n# This output is used by Xcode 'outputs' to avoid re-running this script phase.\necho \"SUCCESS\" > \"${SCRIPT_OUTPUT_FILE_0}\"\n";
			showEnvVarsInLog = 0;
		};
/* End PBXShellScriptBuildPhase section */

/* Begin PBXSourcesBuildPhase section */
		2F7FC42C25D05355009D925D /* Sources */ = {
			isa = PBXSourcesBuildPhase;
			buildActionMask = 2147483647;
			files = (
				2F7FC48E25D17016009D925D /* LoginViewControllerImplementation.swift in Sources */,
				2F7FC48925D16E4E009D925D /* LoginViewProtocol.swift in Sources */,
				2F7FC48425D16C85009D925D /* LoginViewControllerProtocol.swift in Sources */,
				2FEBDE7A25D5A67C00C9869D /* PeopleViewControllerProtocol.swift in Sources */,
				2FB462F125D6BE1700932D6B /* ConverterPersonJSON.swift in Sources */,
				2F7FC43425D05355009D925D /* AppDelegate.swift in Sources */,
				2F7FC4B825D18964009D925D /* LoginViewImplementation.swift in Sources */,
				2F7FC43625D05355009D925D /* SceneDelegate.swift in Sources */,
				2F7FC4D925D1A761009D925D /* ButtonSaveTableViewCell.swift in Sources */,
				2FEBDE7225D5A66700C9869D /* PeopleViewProtocol.swift in Sources */,
				2F7FC47F25D059B4009D925D /* Message.swift in Sources */,
				2FBF3EDD25D433DE008C910F /* LoadingView.swift in Sources */,
				2F7FC47A25D05778009D925D /* Person.swift in Sources */,
				2F7FC4A225D176D3009D925D /* RequestSenderImplementation.swift in Sources */,
				2F7FC46825D053F1009D925D /* Constants.swift in Sources */,
				2F7FC4C225D1902F009D925D /* PhotoTableViewCell.swift in Sources */,
				2FEBDE5F25D5A5A800C9869D /* PeopleViewControllerImplementation.swift in Sources */,
				2FB462F625D6BE6500932D6B /* ConverterPersonJSONProtocol.swift in Sources */,
				2FEBDE6525D5A5DF00C9869D /* PeopleViewImplementation.swift in Sources */,
				2F7FC4C725D1A16D009D925D /* TextFieldsTableViewCell.swift in Sources */,
				2FEBDE7F25D5AD1500C9869D /* PersonTableViewCell.swift in Sources */,
				2F7FC4DE25D2C47D009D925D /* Extensions.swift in Sources */,
			);
			runOnlyForDeploymentPostprocessing = 0;
		};
		2F7FC44225D05359009D925D /* Sources */ = {
			isa = PBXSourcesBuildPhase;
			buildActionMask = 2147483647;
			files = (
				2FB462FB25D6E86200932D6B /* RequestSenderImplementationTests.swift in Sources */,
				2F7FC44B25D05359009D925D /* WhoPaidOneDollarTests.swift in Sources */,
			);
			runOnlyForDeploymentPostprocessing = 0;
		};
		2F7FC44D25D05359009D925D /* Sources */ = {
			isa = PBXSourcesBuildPhase;
			buildActionMask = 2147483647;
			files = (
				2F7FC45625D05359009D925D /* WhoPaidOneDollarUITests.swift in Sources */,
			);
			runOnlyForDeploymentPostprocessing = 0;
		};
/* End PBXSourcesBuildPhase section */

/* Begin PBXTargetDependency section */
		2F7FC44825D05359009D925D /* PBXTargetDependency */ = {
			isa = PBXTargetDependency;
			target = 2F7FC42F25D05355009D925D /* WhoPaidOneDollar */;
			targetProxy = 2F7FC44725D05359009D925D /* PBXContainerItemProxy */;
		};
		2F7FC45325D05359009D925D /* PBXTargetDependency */ = {
			isa = PBXTargetDependency;
			target = 2F7FC42F25D05355009D925D /* WhoPaidOneDollar */;
			targetProxy = 2F7FC45225D05359009D925D /* PBXContainerItemProxy */;
		};
/* End PBXTargetDependency section */

/* Begin PBXVariantGroup section */
		2F7FC43925D05355009D925D /* Main.storyboard */ = {
			isa = PBXVariantGroup;
			children = (
				2F7FC43A25D05355009D925D /* Base */,
			);
			name = Main.storyboard;
			sourceTree = "<group>";
		};
		2F7FC43E25D05359009D925D /* LaunchScreen.storyboard */ = {
			isa = PBXVariantGroup;
			children = (
				2F7FC43F25D05359009D925D /* Base */,
			);
			name = LaunchScreen.storyboard;
			sourceTree = "<group>";
		};
/* End PBXVariantGroup section */

/* Begin XCBuildConfiguration section */
		2F7FC45825D05359009D925D /* Debug */ = {
			isa = XCBuildConfiguration;
			buildSettings = {
				ALWAYS_SEARCH_USER_PATHS = NO;
				CLANG_ANALYZER_NONNULL = YES;
				CLANG_ANALYZER_NUMBER_OBJECT_CONVERSION = YES_AGGRESSIVE;
				CLANG_CXX_LANGUAGE_STANDARD = "gnu++14";
				CLANG_CXX_LIBRARY = "libc++";
				CLANG_ENABLE_MODULES = YES;
				CLANG_ENABLE_OBJC_ARC = YES;
				CLANG_ENABLE_OBJC_WEAK = YES;
				CLANG_WARN_BLOCK_CAPTURE_AUTORELEASING = YES;
				CLANG_WARN_BOOL_CONVERSION = YES;
				CLANG_WARN_COMMA = YES;
				CLANG_WARN_CONSTANT_CONVERSION = YES;
				CLANG_WARN_DEPRECATED_OBJC_IMPLEMENTATIONS = YES;
				CLANG_WARN_DIRECT_OBJC_ISA_USAGE = YES_ERROR;
				CLANG_WARN_DOCUMENTATION_COMMENTS = YES;
				CLANG_WARN_EMPTY_BODY = YES;
				CLANG_WARN_ENUM_CONVERSION = YES;
				CLANG_WARN_INFINITE_RECURSION = YES;
				CLANG_WARN_INT_CONVERSION = YES;
				CLANG_WARN_NON_LITERAL_NULL_CONVERSION = YES;
				CLANG_WARN_OBJC_IMPLICIT_RETAIN_SELF = YES;
				CLANG_WARN_OBJC_LITERAL_CONVERSION = YES;
				CLANG_WARN_OBJC_ROOT_CLASS = YES_ERROR;
				CLANG_WARN_QUOTED_INCLUDE_IN_FRAMEWORK_HEADER = YES;
				CLANG_WARN_RANGE_LOOP_ANALYSIS = YES;
				CLANG_WARN_STRICT_PROTOTYPES = YES;
				CLANG_WARN_SUSPICIOUS_MOVE = YES;
				CLANG_WARN_UNGUARDED_AVAILABILITY = YES_AGGRESSIVE;
				CLANG_WARN_UNREACHABLE_CODE = YES;
				CLANG_WARN__DUPLICATE_METHOD_MATCH = YES;
				COPY_PHASE_STRIP = NO;
				DEBUG_INFORMATION_FORMAT = dwarf;
				ENABLE_STRICT_OBJC_MSGSEND = YES;
				ENABLE_TESTABILITY = YES;
				GCC_C_LANGUAGE_STANDARD = gnu11;
				GCC_DYNAMIC_NO_PIC = NO;
				GCC_NO_COMMON_BLOCKS = YES;
				GCC_OPTIMIZATION_LEVEL = 0;
				GCC_PREPROCESSOR_DEFINITIONS = (
					"DEBUG=1",
					"$(inherited)",
				);
				GCC_WARN_64_TO_32_BIT_CONVERSION = YES;
				GCC_WARN_ABOUT_RETURN_TYPE = YES_ERROR;
				GCC_WARN_UNDECLARED_SELECTOR = YES;
				GCC_WARN_UNINITIALIZED_AUTOS = YES_AGGRESSIVE;
				GCC_WARN_UNUSED_FUNCTION = YES;
				GCC_WARN_UNUSED_VARIABLE = YES;
				IPHONEOS_DEPLOYMENT_TARGET = 14.3;
				MTL_ENABLE_DEBUG_INFO = INCLUDE_SOURCE;
				MTL_FAST_MATH = YES;
				ONLY_ACTIVE_ARCH = YES;
				SDKROOT = iphoneos;
				SWIFT_ACTIVE_COMPILATION_CONDITIONS = DEBUG;
				SWIFT_OPTIMIZATION_LEVEL = "-Onone";
			};
			name = Debug;
		};
		2F7FC45925D05359009D925D /* Release */ = {
			isa = XCBuildConfiguration;
			buildSettings = {
				ALWAYS_SEARCH_USER_PATHS = NO;
				CLANG_ANALYZER_NONNULL = YES;
				CLANG_ANALYZER_NUMBER_OBJECT_CONVERSION = YES_AGGRESSIVE;
				CLANG_CXX_LANGUAGE_STANDARD = "gnu++14";
				CLANG_CXX_LIBRARY = "libc++";
				CLANG_ENABLE_MODULES = YES;
				CLANG_ENABLE_OBJC_ARC = YES;
				CLANG_ENABLE_OBJC_WEAK = YES;
				CLANG_WARN_BLOCK_CAPTURE_AUTORELEASING = YES;
				CLANG_WARN_BOOL_CONVERSION = YES;
				CLANG_WARN_COMMA = YES;
				CLANG_WARN_CONSTANT_CONVERSION = YES;
				CLANG_WARN_DEPRECATED_OBJC_IMPLEMENTATIONS = YES;
				CLANG_WARN_DIRECT_OBJC_ISA_USAGE = YES_ERROR;
				CLANG_WARN_DOCUMENTATION_COMMENTS = YES;
				CLANG_WARN_EMPTY_BODY = YES;
				CLANG_WARN_ENUM_CONVERSION = YES;
				CLANG_WARN_INFINITE_RECURSION = YES;
				CLANG_WARN_INT_CONVERSION = YES;
				CLANG_WARN_NON_LITERAL_NULL_CONVERSION = YES;
				CLANG_WARN_OBJC_IMPLICIT_RETAIN_SELF = YES;
				CLANG_WARN_OBJC_LITERAL_CONVERSION = YES;
				CLANG_WARN_OBJC_ROOT_CLASS = YES_ERROR;
				CLANG_WARN_QUOTED_INCLUDE_IN_FRAMEWORK_HEADER = YES;
				CLANG_WARN_RANGE_LOOP_ANALYSIS = YES;
				CLANG_WARN_STRICT_PROTOTYPES = YES;
				CLANG_WARN_SUSPICIOUS_MOVE = YES;
				CLANG_WARN_UNGUARDED_AVAILABILITY = YES_AGGRESSIVE;
				CLANG_WARN_UNREACHABLE_CODE = YES;
				CLANG_WARN__DUPLICATE_METHOD_MATCH = YES;
				COPY_PHASE_STRIP = NO;
				DEBUG_INFORMATION_FORMAT = "dwarf-with-dsym";
				ENABLE_NS_ASSERTIONS = NO;
				ENABLE_STRICT_OBJC_MSGSEND = YES;
				GCC_C_LANGUAGE_STANDARD = gnu11;
				GCC_NO_COMMON_BLOCKS = YES;
				GCC_WARN_64_TO_32_BIT_CONVERSION = YES;
				GCC_WARN_ABOUT_RETURN_TYPE = YES_ERROR;
				GCC_WARN_UNDECLARED_SELECTOR = YES;
				GCC_WARN_UNINITIALIZED_AUTOS = YES_AGGRESSIVE;
				GCC_WARN_UNUSED_FUNCTION = YES;
				GCC_WARN_UNUSED_VARIABLE = YES;
				IPHONEOS_DEPLOYMENT_TARGET = 14.3;
				MTL_ENABLE_DEBUG_INFO = NO;
				MTL_FAST_MATH = YES;
				SDKROOT = iphoneos;
				SWIFT_COMPILATION_MODE = wholemodule;
				SWIFT_OPTIMIZATION_LEVEL = "-O";
				VALIDATE_PRODUCT = YES;
			};
			name = Release;
		};
		2F7FC45B25D05359009D925D /* Debug */ = {
			isa = XCBuildConfiguration;
			baseConfigurationReference = 87B773409D888D194A89AABB /* Pods-WhoPaidOneDollar.debug.xcconfig */;
			buildSettings = {
				ASSETCATALOG_COMPILER_APPICON_NAME = AppIcon;
				ASSETCATALOG_COMPILER_GLOBAL_ACCENT_COLOR_NAME = AccentColor;
				CODE_SIGN_STYLE = Automatic;
				DEVELOPMENT_TEAM = 29CGD3CF6U;
				INFOPLIST_FILE = WhoPaidOneDollar/Info.plist;
				IPHONEOS_DEPLOYMENT_TARGET = 9.0;
				LD_RUNPATH_SEARCH_PATHS = (
					"$(inherited)",
					"@executable_path/Frameworks",
				);
				PRODUCT_BUNDLE_IDENTIFIER = semissattofelipe.WhoPaidOneDollar;
				PRODUCT_NAME = "$(TARGET_NAME)";
				SWIFT_VERSION = 5.0;
				TARGETED_DEVICE_FAMILY = "1,2";
			};
			name = Debug;
		};
		2F7FC45C25D05359009D925D /* Release */ = {
			isa = XCBuildConfiguration;
			baseConfigurationReference = 8567035F148D22ECC950A365 /* Pods-WhoPaidOneDollar.release.xcconfig */;
			buildSettings = {
				ASSETCATALOG_COMPILER_APPICON_NAME = AppIcon;
				ASSETCATALOG_COMPILER_GLOBAL_ACCENT_COLOR_NAME = AccentColor;
				CODE_SIGN_STYLE = Automatic;
				DEVELOPMENT_TEAM = 29CGD3CF6U;
				INFOPLIST_FILE = WhoPaidOneDollar/Info.plist;
				IPHONEOS_DEPLOYMENT_TARGET = 9.0;
				LD_RUNPATH_SEARCH_PATHS = (
					"$(inherited)",
					"@executable_path/Frameworks",
				);
				PRODUCT_BUNDLE_IDENTIFIER = semissattofelipe.WhoPaidOneDollar;
				PRODUCT_NAME = "$(TARGET_NAME)";
				SWIFT_VERSION = 5.0;
				TARGETED_DEVICE_FAMILY = "1,2";
			};
			name = Release;
		};
		2F7FC45E25D05359009D925D /* Debug */ = {
			isa = XCBuildConfiguration;
			baseConfigurationReference = AF0FBCC3478F00C429E5C2C3 /* Pods-WhoPaidOneDollarTests.debug.xcconfig */;
			buildSettings = {
				ALWAYS_EMBED_SWIFT_STANDARD_LIBRARIES = YES;
				BUNDLE_LOADER = "$(TEST_HOST)";
				CODE_SIGN_STYLE = Automatic;
				DEVELOPMENT_TEAM = 29CGD3CF6U;
				INFOPLIST_FILE = WhoPaidOneDollarTests/Info.plist;
				IPHONEOS_DEPLOYMENT_TARGET = 14.3;
				LD_RUNPATH_SEARCH_PATHS = (
					"$(inherited)",
					"@executable_path/Frameworks",
					"@loader_path/Frameworks",
				);
				PRODUCT_BUNDLE_IDENTIFIER = semissattofelipe.WhoPaidOneDollarTests;
				PRODUCT_NAME = "$(TARGET_NAME)";
				SWIFT_VERSION = 5.0;
				TARGETED_DEVICE_FAMILY = "1,2";
				TEST_HOST = "$(BUILT_PRODUCTS_DIR)/WhoPaidOneDollar.app/WhoPaidOneDollar";
			};
			name = Debug;
		};
		2F7FC45F25D05359009D925D /* Release */ = {
			isa = XCBuildConfiguration;
			baseConfigurationReference = 9522C7390C7FF00645204E30 /* Pods-WhoPaidOneDollarTests.release.xcconfig */;
			buildSettings = {
				ALWAYS_EMBED_SWIFT_STANDARD_LIBRARIES = YES;
				BUNDLE_LOADER = "$(TEST_HOST)";
				CODE_SIGN_STYLE = Automatic;
				DEVELOPMENT_TEAM = 29CGD3CF6U;
				INFOPLIST_FILE = WhoPaidOneDollarTests/Info.plist;
				IPHONEOS_DEPLOYMENT_TARGET = 14.3;
				LD_RUNPATH_SEARCH_PATHS = (
					"$(inherited)",
					"@executable_path/Frameworks",
					"@loader_path/Frameworks",
				);
				PRODUCT_BUNDLE_IDENTIFIER = semissattofelipe.WhoPaidOneDollarTests;
				PRODUCT_NAME = "$(TARGET_NAME)";
				SWIFT_VERSION = 5.0;
				TARGETED_DEVICE_FAMILY = "1,2";
				TEST_HOST = "$(BUILT_PRODUCTS_DIR)/WhoPaidOneDollar.app/WhoPaidOneDollar";
			};
			name = Release;
		};
		2F7FC46125D05359009D925D /* Debug */ = {
			isa = XCBuildConfiguration;
			baseConfigurationReference = D4E9560670430204D84DAF22 /* Pods-WhoPaidOneDollar-WhoPaidOneDollarUITests.debug.xcconfig */;
			buildSettings = {
				ALWAYS_EMBED_SWIFT_STANDARD_LIBRARIES = YES;
				CODE_SIGN_STYLE = Automatic;
				DEVELOPMENT_TEAM = 29CGD3CF6U;
				INFOPLIST_FILE = WhoPaidOneDollarUITests/Info.plist;
				LD_RUNPATH_SEARCH_PATHS = (
					"$(inherited)",
					"@executable_path/Frameworks",
					"@loader_path/Frameworks",
				);
				PRODUCT_BUNDLE_IDENTIFIER = semissattofelipe.WhoPaidOneDollarUITests;
				PRODUCT_NAME = "$(TARGET_NAME)";
				SWIFT_VERSION = 5.0;
				TARGETED_DEVICE_FAMILY = "1,2";
				TEST_TARGET_NAME = WhoPaidOneDollar;
			};
			name = Debug;
		};
		2F7FC46225D05359009D925D /* Release */ = {
			isa = XCBuildConfiguration;
			baseConfigurationReference = ABB29D5714A92056F3CA3F30 /* Pods-WhoPaidOneDollar-WhoPaidOneDollarUITests.release.xcconfig */;
			buildSettings = {
				ALWAYS_EMBED_SWIFT_STANDARD_LIBRARIES = YES;
				CODE_SIGN_STYLE = Automatic;
				DEVELOPMENT_TEAM = 29CGD3CF6U;
				INFOPLIST_FILE = WhoPaidOneDollarUITests/Info.plist;
				LD_RUNPATH_SEARCH_PATHS = (
					"$(inherited)",
					"@executable_path/Frameworks",
					"@loader_path/Frameworks",
				);
				PRODUCT_BUNDLE_IDENTIFIER = semissattofelipe.WhoPaidOneDollarUITests;
				PRODUCT_NAME = "$(TARGET_NAME)";
				SWIFT_VERSION = 5.0;
				TARGETED_DEVICE_FAMILY = "1,2";
				TEST_TARGET_NAME = WhoPaidOneDollar;
			};
			name = Release;
		};
/* End XCBuildConfiguration section */

/* Begin XCConfigurationList section */
		2F7FC42B25D05355009D925D /* Build configuration list for PBXProject "WhoPaidOneDollar" */ = {
			isa = XCConfigurationList;
			buildConfigurations = (
				2F7FC45825D05359009D925D /* Debug */,
				2F7FC45925D05359009D925D /* Release */,
			);
			defaultConfigurationIsVisible = 0;
			defaultConfigurationName = Release;
		};
		2F7FC45A25D05359009D925D /* Build configuration list for PBXNativeTarget "WhoPaidOneDollar" */ = {
			isa = XCConfigurationList;
			buildConfigurations = (
				2F7FC45B25D05359009D925D /* Debug */,
				2F7FC45C25D05359009D925D /* Release */,
			);
			defaultConfigurationIsVisible = 0;
			defaultConfigurationName = Release;
		};
		2F7FC45D25D05359009D925D /* Build configuration list for PBXNativeTarget "WhoPaidOneDollarTests" */ = {
			isa = XCConfigurationList;
			buildConfigurations = (
				2F7FC45E25D05359009D925D /* Debug */,
				2F7FC45F25D05359009D925D /* Release */,
			);
			defaultConfigurationIsVisible = 0;
			defaultConfigurationName = Release;
		};
		2F7FC46025D05359009D925D /* Build configuration list for PBXNativeTarget "WhoPaidOneDollarUITests" */ = {
			isa = XCConfigurationList;
			buildConfigurations = (
				2F7FC46125D05359009D925D /* Debug */,
				2F7FC46225D05359009D925D /* Release */,
			);
			defaultConfigurationIsVisible = 0;
			defaultConfigurationName = Release;
		};
/* End XCConfigurationList section */
	};
	rootObject = 2F7FC42825D05355009D925D /* Project object */;
}
